
Microsoft Visual Studio Solution File, Format Version 12.00
# Visual Studio Version 17
VisualStudioVersion = 17.7.34031.279
MinimumVisualStudioVersion = 10.0.40219.1
Project("{FAE04EC0-301F-11D3-BF4B-00C04F79EFBC}") = "mvc", "mvc\mvc.csproj", "{D0D4E008-273C-4AA2-9BA9-3F70ED8ACE37}"
EndProject
Global
	GlobalSection(SolutionConfigurationPlatforms) = preSolution
		Debug|Any CPU = Debug|Any CPU
		Release|Any CPU = Release|Any CPU
	EndGlobalSection
	GlobalSection(ProjectConfigurationPlatforms) = postSolution
		{D0D4E008-273C-4AA2-9BA9-3F70ED8ACE37}.Debug|Any CPU.ActiveCfg = Debug|Any CPU
		{D0D4E008-273C-4AA2-9BA9-3F70ED8ACE37}.Debug|Any CPU.Build.0 = Debug|Any CPU
		{D0D4E008-273C-4AA2-9BA9-3F70ED8ACE37}.Release|Any CPU.ActiveCfg = Release|Any CPU
		{D0D4E008-273C-4AA2-9BA9-3F70ED8ACE37}.Release|Any CPU.Build.0 = Release|Any CPU
	EndGlobalSection
	GlobalSection(SolutionProperties) = preSolution
		HideSolutionNode = FALSE
	EndGlobalSection
	GlobalSection(ExtensibilityGlobals) = postSolution
		SolutionGuid = {09D7383F-1A29-453B-929F-CFA20199B140}
	EndGlobalSection
EndGlobal
